
Microsoft Visual Studio Solution File, Format Version 12.00
# Visual Studio Version 17
VisualStudioVersion = 17.14.36221.1 d17.14
MinimumVisualStudioVersion = 10.0.40219.1
Project("{FAE04EC0-301F-11D3-BF4B-00C04F79EFBC}") = "EnergTestTask", "EnergTestTask\EnergTestTask.csproj", "{5D518663-232F-417D-A26B-91DF2C75CE73}"
EndProject
Global
	GlobalSection(SolutionConfigurationPlatforms) = preSolution
		Debug|Any CPU = Debug|Any CPU
		Release|Any CPU = Release|Any CPU
	EndGlobalSection
	GlobalSection(ProjectConfigurationPlatforms) = postSolution
		{5D518663-232F-417D-A26B-91DF2C75CE73}.Debug|Any CPU.ActiveCfg = Debug|Any CPU
		{5D518663-232F-417D-A26B-91DF2C75CE73}.Debug|Any CPU.Build.0 = Debug|Any CPU
		{5D518663-232F-417D-A26B-91DF2C75CE73}.Release|Any CPU.ActiveCfg = Release|Any CPU
		{5D518663-232F-417D-A26B-91DF2C75CE73}.Release|Any CPU.Build.0 = Release|Any CPU
	EndGlobalSection
	GlobalSection(SolutionProperties) = preSolution
		HideSolutionNode = FALSE
	EndGlobalSection
	GlobalSection(ExtensibilityGlobals) = postSolution
		SolutionGuid = {EDD58625-E039-4278-9E6E-94E2EA2E42A6}
	EndGlobalSection
EndGlobal
